{
  "name": "node-red-project",
  "version": "0.0.1",
  "lockfileVersion": 1,
  "requires": true,
  "dependencies": {
    "node-red-node-base64": {
      "version": "0.1.3",
      "resolved": "https://registry.npmjs.org/node-red-node-base64/-/node-red-node-base64-0.1.3.tgz",
      "integrity": "sha512-0KlJDMur9tfnHwC7anlM9gYPjCMLsGVjRuvWSQssdGDibxIgpZDJ/0IuHIM3CAcEPaetlk4P0yj0XtH9Rgda0w=="
    },
    "node-red-node-daemon": {
      "version": "0.0.23",
      "resolved": "https://registry.npmjs.org/node-red-node-daemon/-/node-red-node-daemon-0.0.23.tgz",
      "integrity": "sha512-Vyt4IASryhhTyScloxXTKOgkw9/LLKRRZ3rOV77JPxzxCfw2zdfv6kwhNo97bF4XnXOYjeMi4bJ2d4kpT4Mlsw=="
    },
    "node-red-node-ping": {
      "version": "0.0.15",
      "resolved": "https://registry.npmjs.org/node-red-node-ping/-/node-red-node-ping-0.0.15.tgz",
      "integrity": "sha512-kJh6D+2ti0+Wb7ZzabvVerRZvcv/7cAslhGWHwKr43e+5pu7LNhPSyJrqopJ6JxlXZrZDfMZO75bUpxU7FsjTw=="
    },
    "node-red-node-random": {
      "version": "0.1.2",
      "resolved": "https://registry.npmjs.org/node-red-node-random/-/node-red-node-random-0.1.2.tgz",
      "integrity": "sha512-eqZ4FUq/dsrLyens2KOoz2kZjk6uw7r+vu+K1IH/Nc+VrCWhHZbceMXgCeQ+oSjTyuSrZKBNgSNGFBVsN6T8xA=="
    },
    "node-red-node-smooth": {
      "version": "0.1.0",
      "resolved": "https://registry.npmjs.org/node-red-node-smooth/-/node-red-node-smooth-0.1.0.tgz",
      "integrity": "sha512-78i203e8j8HiaEwVHJk9ukW0HkGSW0lkcYr42IfBpgT8YjMfRCbzQcFrz8K1/vcmjZ1KpSbohElr/y39X/t3XQ=="
    }
  }
}
